Microsoft Visual Studio Solution File, Format Version 12.00
# Visual Studio Version 17
VisualStudioVersion = 17.5.2.0
MinimumVisualStudioVersion = 10.0.40219.1
Project("{FAE04EC0-301F-11D3-BF4B-00C04F79EFBC}") = "TechAssess", "src\TechAssess\TechAssess.csproj", "{1DEA6867-74C5-BA19-88B7-DA81556BD587}"
EndProject
Project("{FAE04EC0-301F-11D3-BF4B-00C04F79EFBC}") = "TechAssess.Tests", "test\TechAssess.Tests\TechAssess.Tests.csproj", "{B63B6DC0-4BBD-4C61-85E9-A7A9B7EDCDA1}"
EndProject
Global
	GlobalSection(SolutionConfigurationPlatforms) = preSolution
		Debug|Any CPU = Debug|Any CPU
		Release|Any CPU = Release|Any CPU
	EndGlobalSection
	GlobalSection(ProjectConfigurationPlatforms) = postSolution
		{1DEA6867-74C5-BA19-88B7-DA81556BD587}.Debug|Any CPU.ActiveCfg = Debug|Any CPU
		{1DEA6867-74C5-BA19-88B7-DA81556BD587}.Debug|Any CPU.Build.0 = Debug|Any CPU
		{1DEA6867-74C5-BA19-88B7-DA81556BD587}.Release|Any CPU.ActiveCfg = Release|Any CPU
		{1DEA6867-74C5-BA19-88B7-DA81556BD587}.Release|Any CPU.Build.0 = Release|Any CPU
		{B63B6DC0-4BBD-4C61-85E9-A7A9B7EDCDA1}.Debug|Any CPU.ActiveCfg = Debug|Any CPU
		{B63B6DC0-4BBD-4C61-85E9-A7A9B7EDCDA1}.Debug|Any CPU.Build.0 = Debug|Any CPU
		{B63B6DC0-4BBD-4C61-85E9-A7A9B7EDCDA1}.Release|Any CPU.ActiveCfg = Release|Any CPU
		{B63B6DC0-4BBD-4C61-85E9-A7A9B7EDCDA1}.Release|Any CPU.Build.0 = Release|Any CPU
	EndGlobalSection
	GlobalSection(SolutionProperties) = preSolution
		HideSolutionNode = FALSE
	EndGlobalSection
	GlobalSection(ExtensibilityGlobals) = postSolution
		SolutionGuid = {0721A3FA-FCD0-45DB-B299-7A81DA22CFE7}
	EndGlobalSection
EndGlobal
